
Microsoft Visual Studio Solution File, Format Version 12.00
# Visual Studio 15
VisualStudioVersion = 15.0.28010.2046
MinimumVisualStudioVersion = 10.0.40219.1
Project("{FAE04EC0-301F-11D3-BF4B-00C04F79EFBC}") = "Question1", "Question1\Question1.csproj", "{8BE62450-5C2B-47E4-B0E3-8B5DB1F6F5EA}"
EndProject
Global
	GlobalSection(SolutionConfigurationPlatforms) = preSolution
		Debug|Any CPU = Debug|Any CPU
		Release|Any CPU = Release|Any CPU
	EndGlobalSection
	GlobalSection(ProjectConfigurationPlatforms) = postSolution
		{8BE62450-5C2B-47E4-B0E3-8B5DB1F6F5EA}.Debug|Any CPU.ActiveCfg = Debug|Any CPU
		{8BE62450-5C2B-47E4-B0E3-8B5DB1F6F5EA}.Debug|Any CPU.Build.0 = Debug|Any CPU
		{8BE62450-5C2B-47E4-B0E3-8B5DB1F6F5EA}.Release|Any CPU.ActiveCfg = Release|Any CPU
		{8BE62450-5C2B-47E4-B0E3-8B5DB1F6F5EA}.Release|Any CPU.Build.0 = Release|Any CPU
	EndGlobalSection
	GlobalSection(SolutionProperties) = preSolution
		HideSolutionNode = FALSE
	EndGlobalSection
	GlobalSection(ExtensibilityGlobals) = postSolution
		SolutionGuid = {DF38F1FE-280A-479E-B6EC-C58D333079A0}
	EndGlobalSection
EndGlobal
